
Microsoft Visual Studio Solution File, Format Version 12.00
# Visual Studio Version 16
VisualStudioVersion = 16.0.31515.178
MinimumVisualStudioVersion = 10.0.40219.1
Project("{FAE04EC0-301F-11D3-BF4B-00C04F79EFBC}") = "SudokuSolver", "SudokuSolver\SudokuSolver.csproj", "{6A77E420-CE32-495D-BD65-DE7A930EFC4A}"
EndProject
Global
	GlobalSection(SolutionConfigurationPlatforms) = preSolution
		Debug|Any CPU = Debug|Any CPU
		Release|Any CPU = Release|Any CPU
	EndGlobalSection
	GlobalSection(ProjectConfigurationPlatforms) = postSolution
		{6A77E420-CE32-495D-BD65-DE7A930EFC4A}.Debug|Any CPU.ActiveCfg = Debug|Any CPU
		{6A77E420-CE32-495D-BD65-DE7A930EFC4A}.Debug|Any CPU.Build.0 = Debug|Any CPU
		{6A77E420-CE32-495D-BD65-DE7A930EFC4A}.Release|Any CPU.ActiveCfg = Release|Any CPU
		{6A77E420-CE32-495D-BD65-DE7A930EFC4A}.Release|Any CPU.Build.0 = Release|Any CPU
	EndGlobalSection
	GlobalSection(SolutionProperties) = preSolution
		HideSolutionNode = FALSE
	EndGlobalSection
	GlobalSection(ExtensibilityGlobals) = postSolution
		SolutionGuid = {2675D8A0-368B-4FA1-9307-6F6C3ADDC791}
	EndGlobalSection
EndGlobal
